
Microsoft Visual Studio Solution File, Format Version 12.00
# Visual Studio Version 16
VisualStudioVersion = 16.0.30717.126
MinimumVisualStudioVersion = 10.0.40219.1
Project("{FAE04EC0-301F-11D3-BF4B-00C04F79EFBC}") = "PasswordFinder", "PasswordFinder.csproj", "{B42A6A70-1EF8-44D3-92C2-13F8DCA8112D}"
EndProject
Global
	GlobalSection(SolutionConfigurationPlatforms) = preSolution
		Debug|Any CPU = Debug|Any CPU
		Release|Any CPU = Release|Any CPU
	EndGlobalSection
	GlobalSection(ProjectConfigurationPlatforms) = postSolution
		{B42A6A70-1EF8-44D3-92C2-13F8DCA8112D}.Debug|Any CPU.ActiveCfg = Debug|Any CPU
		{B42A6A70-1EF8-44D3-92C2-13F8DCA8112D}.Debug|Any CPU.Build.0 = Debug|Any CPU
		{B42A6A70-1EF8-44D3-92C2-13F8DCA8112D}.Release|Any CPU.ActiveCfg = Release|Any CPU
		{B42A6A70-1EF8-44D3-92C2-13F8DCA8112D}.Release|Any CPU.Build.0 = Release|Any CPU
	EndGlobalSection
	GlobalSection(SolutionProperties) = preSolution
		HideSolutionNode = FALSE
	EndGlobalSection
	GlobalSection(ExtensibilityGlobals) = postSolution
		SolutionGuid = {E88860F0-CBF1-4DD5-BC5D-55D9649FAFF4}
	EndGlobalSection
EndGlobal
